
Microsoft Visual Studio Solution File, Format Version 12.00
# Visual Studio Version 16
VisualStudioVersion = 16.0.31702.278
MinimumVisualStudioVersion = 10.0.40219.1
Project("{FAE04EC0-301F-11D3-BF4B-00C04F79EFBC}") = "DepositUI", "DepositUI\DepositUI.csproj", "{8F0A9B70-9725-4148-ACE5-702AE2FBA65F}"
EndProject
Global
	GlobalSection(SolutionConfigurationPlatforms) = preSolution
		Debug|Any CPU = Debug|Any CPU
		Release|Any CPU = Release|Any CPU
	EndGlobalSection
	GlobalSection(ProjectConfigurationPlatforms) = postSolution
		{8F0A9B70-9725-4148-ACE5-702AE2FBA65F}.Debug|Any CPU.ActiveCfg = Debug|Any CPU
		{8F0A9B70-9725-4148-ACE5-702AE2FBA65F}.Debug|Any CPU.Build.0 = Debug|Any CPU
		{8F0A9B70-9725-4148-ACE5-702AE2FBA65F}.Release|Any CPU.ActiveCfg = Release|Any CPU
		{8F0A9B70-9725-4148-ACE5-702AE2FBA65F}.Release|Any CPU.Build.0 = Release|Any CPU
	EndGlobalSection
	GlobalSection(SolutionProperties) = preSolution
		HideSolutionNode = FALSE
	EndGlobalSection
	GlobalSection(ExtensibilityGlobals) = postSolution
		SolutionGuid = {5E07489E-23A7-47D7-8317-EE795CADCF13}
	EndGlobalSection
EndGlobal
