
Microsoft Visual Studio Solution File, Format Version 12.00
# Visual Studio Version 16
VisualStudioVersion = 16.0.31702.278
MinimumVisualStudioVersion = 10.0.40219.1
Project("{9A19103F-16F7-4668-BE54-9A1E7A4F7556}") = "DepositUI", "DepositUI\DepositUI.csproj", "{8F0A9B70-9725-4148-ACE5-702AE2FBA65F}"
EndProject
Project("{9A19103F-16F7-4668-BE54-9A1E7A4F7556}") = "DepositUI.BLL", "DepositUI.BLL\DepositUI.BLL.csproj", "{3BF7FAF6-3D3B-4DD5-A371-62912373F5AB}"
EndProject
Project("{FAE04EC0-301F-11D3-BF4B-00C04F79EFBC}") = "DepositUI.Core", "DepositUI.Core\DepositUI.Core.csproj", "{26FC330E-4B2C-4D26-B87C-E68323F61500}"
EndProject
Global
	GlobalSection(SolutionConfigurationPlatforms) = preSolution
		Debug|Any CPU = Debug|Any CPU
		Release|Any CPU = Release|Any CPU
	EndGlobalSection
	GlobalSection(ProjectConfigurationPlatforms) = postSolution
		{8F0A9B70-9725-4148-ACE5-702AE2FBA65F}.Debug|Any CPU.ActiveCfg = Debug|Any CPU
		{8F0A9B70-9725-4148-ACE5-702AE2FBA65F}.Debug|Any CPU.Build.0 = Debug|Any CPU
		{8F0A9B70-9725-4148-ACE5-702AE2FBA65F}.Release|Any CPU.ActiveCfg = Release|Any CPU
		{8F0A9B70-9725-4148-ACE5-702AE2FBA65F}.Release|Any CPU.Build.0 = Release|Any CPU
		{3BF7FAF6-3D3B-4DD5-A371-62912373F5AB}.Debug|Any CPU.ActiveCfg = Debug|Any CPU
		{3BF7FAF6-3D3B-4DD5-A371-62912373F5AB}.Debug|Any CPU.Build.0 = Debug|Any CPU
		{3BF7FAF6-3D3B-4DD5-A371-62912373F5AB}.Release|Any CPU.ActiveCfg = Release|Any CPU
		{3BF7FAF6-3D3B-4DD5-A371-62912373F5AB}.Release|Any CPU.Build.0 = Release|Any CPU
		{26FC330E-4B2C-4D26-B87C-E68323F61500}.Debug|Any CPU.ActiveCfg = Debug|Any CPU
		{26FC330E-4B2C-4D26-B87C-E68323F61500}.Debug|Any CPU.Build.0 = Debug|Any CPU
		{26FC330E-4B2C-4D26-B87C-E68323F61500}.Release|Any CPU.ActiveCfg = Release|Any CPU
		{26FC330E-4B2C-4D26-B87C-E68323F61500}.Release|Any CPU.Build.0 = Release|Any CPU
	EndGlobalSection
	GlobalSection(SolutionProperties) = preSolution
		HideSolutionNode = FALSE
	EndGlobalSection
	GlobalSection(ExtensibilityGlobals) = postSolution
		SolutionGuid = {5E07489E-23A7-47D7-8317-EE795CADCF13}
	EndGlobalSection
EndGlobal
